
Microsoft Visual Studio Solution File, Format Version 12.00
# Visual Studio Version 17
VisualStudioVersion = 17.3.32811.315
MinimumVisualStudioVersion = 10.0.40219.1
Project("{FAE04EC0-301F-11D3-BF4B-00C04F79EFBC}") = "MassTransitTest.Consumer", "MassTransitTest.Consumer\MassTransitTest.Consumer.csproj", "{364B8A08-E049-4D8F-A417-79178449E480}"
EndProject
Project("{FAE04EC0-301F-11D3-BF4B-00C04F79EFBC}") = "MassTransitTest.Core", "MassTransitTest.Core\MassTransitTest.Core.csproj", "{4C23F8A9-316C-4DCF-BC01-7B1EDE983FB6}"
EndProject
Project("{9A19103F-16F7-4668-BE54-9A1E7A4F7556}") = "MassTransitTest.WebApi", "MassTransitTest.WebApi\MassTransitTest.WebApi.csproj", "{93775F8A-FFDF-471A-AB1F-964BB05DB0F8}"
EndProject
Global
	GlobalSection(SolutionConfigurationPlatforms) = preSolution
		Debug|Any CPU = Debug|Any CPU
		Release|Any CPU = Release|Any CPU
	EndGlobalSection
	GlobalSection(ProjectConfigurationPlatforms) = postSolution
		{364B8A08-E049-4D8F-A417-79178449E480}.Debug|Any CPU.ActiveCfg = Debug|Any CPU
		{364B8A08-E049-4D8F-A417-79178449E480}.Debug|Any CPU.Build.0 = Debug|Any CPU
		{364B8A08-E049-4D8F-A417-79178449E480}.Release|Any CPU.ActiveCfg = Release|Any CPU
		{364B8A08-E049-4D8F-A417-79178449E480}.Release|Any CPU.Build.0 = Release|Any CPU
		{4C23F8A9-316C-4DCF-BC01-7B1EDE983FB6}.Debug|Any CPU.ActiveCfg = Debug|Any CPU
		{4C23F8A9-316C-4DCF-BC01-7B1EDE983FB6}.Debug|Any CPU.Build.0 = Debug|Any CPU
		{4C23F8A9-316C-4DCF-BC01-7B1EDE983FB6}.Release|Any CPU.ActiveCfg = Release|Any CPU
		{4C23F8A9-316C-4DCF-BC01-7B1EDE983FB6}.Release|Any CPU.Build.0 = Release|Any CPU
		{93775F8A-FFDF-471A-AB1F-964BB05DB0F8}.Debug|Any CPU.ActiveCfg = Debug|Any CPU
		{93775F8A-FFDF-471A-AB1F-964BB05DB0F8}.Debug|Any CPU.Build.0 = Debug|Any CPU
		{93775F8A-FFDF-471A-AB1F-964BB05DB0F8}.Release|Any CPU.ActiveCfg = Release|Any CPU
		{93775F8A-FFDF-471A-AB1F-964BB05DB0F8}.Release|Any CPU.Build.0 = Release|Any CPU
	EndGlobalSection
	GlobalSection(SolutionProperties) = preSolution
		HideSolutionNode = FALSE
	EndGlobalSection
	GlobalSection(ExtensibilityGlobals) = postSolution
		SolutionGuid = {EE4CCE86-CA2F-492A-995F-54B314F59180}
	EndGlobalSection
EndGlobal
